
Microsoft Visual Studio Solution File, Format Version 12.00
# Visual Studio Version 16
VisualStudioVersion = 16.0.31424.327
MinimumVisualStudioVersion = 10.0.40219.1
Project("{FAE04EC0-301F-11D3-BF4B-00C04F79EFBC}") = "SampleCode", "SampleCode\SampleCode.csproj", "{6B15173C-1207-49D0-87FA-D413E3C2489A}"
EndProject
Global
	GlobalSection(SolutionConfigurationPlatforms) = preSolution
		Debug|Any CPU = Debug|Any CPU
		Release|Any CPU = Release|Any CPU
	EndGlobalSection
	GlobalSection(ProjectConfigurationPlatforms) = postSolution
		{6B15173C-1207-49D0-87FA-D413E3C2489A}.Debug|Any CPU.ActiveCfg = Debug|Any CPU
		{6B15173C-1207-49D0-87FA-D413E3C2489A}.Debug|Any CPU.Build.0 = Debug|Any CPU
		{6B15173C-1207-49D0-87FA-D413E3C2489A}.Release|Any CPU.ActiveCfg = Release|Any CPU
		{6B15173C-1207-49D0-87FA-D413E3C2489A}.Release|Any CPU.Build.0 = Release|Any CPU
	EndGlobalSection
	GlobalSection(SolutionProperties) = preSolution
		HideSolutionNode = FALSE
	EndGlobalSection
	GlobalSection(ExtensibilityGlobals) = postSolution
		SolutionGuid = {E09ADE41-8A79-46B7-9328-95505944AFE8}
	EndGlobalSection
EndGlobal
